Microsoft Visual Studio Solution File, Format Version 12.00
# Visual Studio Version 16
VisualStudioVersion = 16.0.28803.156
MinimumVisualStudioVersion = 10.0.40219.1
Project("{2150E333-8FDC-42A3-9474-1A3956D46DE8}") = "Core", "Core", "{80D59FF9-56D3-4DDD-A99D-168601B4C978}"
EndProject
Project("{9A19103F-16F7-4668-BE54-9A1E7A4F7556}") = "Application", "Core\Application\Application.csproj", "{CD1807B9-9CE4-41E4-8ED6-5404D0720CD8}"
EndProject
Project("{9A19103F-16F7-4668-BE54-9A1E7A4F7556}") = "Domain", "Core\Domain\Domain.csproj", "{D91DC6FA-4A69-41A3-A53E-8EB784AC0EEC}"
EndProject
Project("{2150E333-8FDC-42A3-9474-1A3956D46DE8}") = "Apsim", "Apsim", "{7E69597E-9856-49A2-AF7F-BDE6EF678A47}"
EndProject
Project("{2150E333-8FDC-42A3-9474-1A3956D46DE8}") = "Infrastructure", "Infrastructure", "{54777EE7-AC61-4F95-B948-7D1D1FBA6075}"
EndProject
Project("{9A19103F-16F7-4668-BE54-9A1E7A4F7556}") = "Infrastructure", "Infrastructure\Infrastructure\Infrastructure.csproj", "{D24DB201-D0FE-4EFF-9B69-333FF079550A}"
	ProjectSection(ProjectDependencies) = postProject
		{CD1807B9-9CE4-41E4-8ED6-5404D0720CD8} = {CD1807B9-9CE4-41E4-8ED6-5404D0720CD8}
	EndProjectSection
EndProject
Project("{9A19103F-16F7-4668-BE54-9A1E7A4F7556}") = "Persistence", "Infrastructure\Persistance\Persistence.csproj", "{E48D4B36-9BB9-4F17-8610-85EB34F3047F}"
EndProject
Project("{2150E333-8FDC-42A3-9474-1A3956D46DE8}") = "Presentation", "Presentation", "{DEE63B20-44EE-4EF5-B566-8F36A95ACF76}"
EndProject
Project("{9A19103F-16F7-4668-BE54-9A1E7A4F7556}") = "Application.UnitTests", "Tests\Application.UnitTests\Application.UnitTests.csproj", "{8D62AC26-A729-4998-8E2D-621BB87000EA}"
EndProject
Project("{2150E333-8FDC-42A3-9474-1A3956D46DE8}") = "Tests", "Tests", "{8054D888-D03D-4BB1-BD36-19954B7DBE58}"
EndProject
Project("{9A19103F-16F7-4668-BE54-9A1E7A4F7556}") = "Rems.UI", "Presentation\Rems.UI\Rems.UI.csproj", "{696049AC-349C-4F4E-9B68-D8C07294B79B}"
EndProject
Project("{9A19103F-16F7-4668-BE54-9A1E7A4F7556}") = "WinFormClient", "WinFormClient\WinFormClient.csproj", "{17F31B87-E693-48FB-B994-12B68FE0B7E5}"
EndProject
Project("{FAE04EC0-301F-11D3-BF4B-00C04F79EFBC}") = "WindowsClient", "Presentation\WindowsClient\WindowsClient.csproj", "{EAC8A4DF-84CC-4E01-9C73-33679E0546E8}"
EndProject
Project("{FAE04EC0-301F-11D3-BF4B-00C04F79EFBC}") = "APSIM.Shared", "..\..\ApsimX\APSIM.Shared\APSIM.Shared.csproj", "{E243AE8D-35E3-4397-B180-EF1E8A91AE8C}"
EndProject
Project("{FAE04EC0-301F-11D3-BF4B-00C04F79EFBC}") = "Models", "..\..\ApsimX\Models\Models.csproj", "{A3E10705-F2BB-4182-A19C-7F63222584DF}"
EndProject
Global
	GlobalSection(SolutionConfigurationPlatforms) = preSolution
		Debug|Any CPU = Debug|Any CPU
		Debug|ARM = Debug|ARM
		Debug|ARM64 = Debug|ARM64
		Debug|x64 = Debug|x64
		Debug|x86 = Debug|x86
		DebugAnyCPU|Any CPU = DebugAnyCPU|Any CPU
		DebugAnyCPU|ARM = DebugAnyCPU|ARM
		DebugAnyCPU|ARM64 = DebugAnyCPU|ARM64
		DebugAnyCPU|x64 = DebugAnyCPU|x64
		DebugAnyCPU|x86 = DebugAnyCPU|x86
		Release|Any CPU = Release|Any CPU
		Release|ARM = Release|ARM
		Release|ARM64 = Release|ARM64
		Release|x64 = Release|x64
		Release|x86 = Release|x86
	EndGlobalSection
	GlobalSection(ProjectConfigurationPlatforms) = postSolution
		{CD1807B9-9CE4-41E4-8ED6-5404D0720CD8}.Debug|Any CPU.ActiveCfg = Debug|Any CPU
		{CD1807B9-9CE4-41E4-8ED6-5404D0720CD8}.Debug|Any CPU.Build.0 = Debug|Any CPU
		{CD1807B9-9CE4-41E4-8ED6-5404D0720CD8}.Debug|ARM.ActiveCfg = Debug|Any CPU
		{CD1807B9-9CE4-41E4-8ED6-5404D0720CD8}.Debug|ARM.Build.0 = Debug|Any CPU
		{CD1807B9-9CE4-41E4-8ED6-5404D0720CD8}.Debug|ARM64.ActiveCfg = Debug|Any CPU
		{CD1807B9-9CE4-41E4-8ED6-5404D0720CD8}.Debug|ARM64.Build.0 = Debug|Any CPU
		{CD1807B9-9CE4-41E4-8ED6-5404D0720CD8}.Debug|x64.ActiveCfg = Debug|Any CPU
		{CD1807B9-9CE4-41E4-8ED6-5404D0720CD8}.Debug|x64.Build.0 = Debug|Any CPU
		{CD1807B9-9CE4-41E4-8ED6-5404D0720CD8}.Debug|x86.ActiveCfg = Debug|Any CPU
		{CD1807B9-9CE4-41E4-8ED6-5404D0720CD8}.Debug|x86.Build.0 = Debug|Any CPU
		{CD1807B9-9CE4-41E4-8ED6-5404D0720CD8}.DebugAnyCPU|Any CPU.ActiveCfg = Debug|Any CPU
		{CD1807B9-9CE4-41E4-8ED6-5404D0720CD8}.DebugAnyCPU|Any CPU.Build.0 = Debug|Any CPU
		{CD1807B9-9CE4-41E4-8ED6-5404D0720CD8}.DebugAnyCPU|ARM.ActiveCfg = Debug|Any CPU
		{CD1807B9-9CE4-41E4-8ED6-5404D0720CD8}.DebugAnyCPU|ARM.Build.0 = Debug|Any CPU
		{CD1807B9-9CE4-41E4-8ED6-5404D0720CD8}.DebugAnyCPU|ARM64.ActiveCfg = Debug|Any CPU
		{CD1807B9-9CE4-41E4-8ED6-5404D0720CD8}.DebugAnyCPU|ARM64.Build.0 = Debug|Any CPU
		{CD1807B9-9CE4-41E4-8ED6-5404D0720CD8}.DebugAnyCPU|x64.ActiveCfg = Debug|Any CPU
		{CD1807B9-9CE4-41E4-8ED6-5404D0720CD8}.DebugAnyCPU|x64.Build.0 = Debug|Any CPU
		{CD1807B9-9CE4-41E4-8ED6-5404D0720CD8}.DebugAnyCPU|x86.ActiveCfg = Debug|Any CPU
		{CD1807B9-9CE4-41E4-8ED6-5404D0720CD8}.DebugAnyCPU|x86.Build.0 = Debug|Any CPU
		{CD1807B9-9CE4-41E4-8ED6-5404D0720CD8}.Release|Any CPU.ActiveCfg = Release|Any CPU
		{CD1807B9-9CE4-41E4-8ED6-5404D0720CD8}.Release|Any CPU.Build.0 = Release|Any CPU
		{CD1807B9-9CE4-41E4-8ED6-5404D0720CD8}.Release|ARM.ActiveCfg = Release|Any CPU
		{CD1807B9-9CE4-41E4-8ED6-5404D0720CD8}.Release|ARM.Build.0 = Release|Any CPU
		{CD1807B9-9CE4-41E4-8ED6-5404D0720CD8}.Release|ARM64.ActiveCfg = Release|Any CPU
		{CD1807B9-9CE4-41E4-8ED6-5404D0720CD8}.Release|ARM64.Build.0 = Release|Any CPU
		{CD1807B9-9CE4-41E4-8ED6-5404D0720CD8}.Release|x64.ActiveCfg = Release|Any CPU
		{CD1807B9-9CE4-41E4-8ED6-5404D0720CD8}.Release|x64.Build.0 = Release|Any CPU
		{CD1807B9-9CE4-41E4-8ED6-5404D0720CD8}.Release|x86.ActiveCfg = Release|Any CPU
		{CD1807B9-9CE4-41E4-8ED6-5404D0720CD8}.Release|x86.Build.0 = Release|Any CPU
		{D91DC6FA-4A69-41A3-A53E-8EB784AC0EEC}.Debug|Any CPU.ActiveCfg = Debug|Any CPU
		{D91DC6FA-4A69-41A3-A53E-8EB784AC0EEC}.Debug|Any CPU.Build.0 = Debug|Any CPU
		{D91DC6FA-4A69-41A3-A53E-8EB784AC0EEC}.Debug|ARM.ActiveCfg = Debug|Any CPU
		{D91DC6FA-4A69-41A3-A53E-8EB784AC0EEC}.Debug|ARM.Build.0 = Debug|Any CPU
		{D91DC6FA-4A69-41A3-A53E-8EB784AC0EEC}.Debug|ARM64.ActiveCfg = Debug|Any CPU
		{D91DC6FA-4A69-41A3-A53E-8EB784AC0EEC}.Debug|ARM64.Build.0 = Debug|Any CPU
		{D91DC6FA-4A69-41A3-A53E-8EB784AC0EEC}.Debug|x64.ActiveCfg = Debug|Any CPU
		{D91DC6FA-4A69-41A3-A53E-8EB784AC0EEC}.Debug|x64.Build.0 = Debug|Any CPU
		{D91DC6FA-4A69-41A3-A53E-8EB784AC0EEC}.Debug|x86.ActiveCfg = Debug|Any CPU
		{D91DC6FA-4A69-41A3-A53E-8EB784AC0EEC}.Debug|x86.Build.0 = Debug|Any CPU
		{D91DC6FA-4A69-41A3-A53E-8EB784AC0EEC}.DebugAnyCPU|Any CPU.ActiveCfg = Debug|Any CPU
		{D91DC6FA-4A69-41A3-A53E-8EB784AC0EEC}.DebugAnyCPU|Any CPU.Build.0 = Debug|Any CPU
		{D91DC6FA-4A69-41A3-A53E-8EB784AC0EEC}.DebugAnyCPU|ARM.ActiveCfg = Debug|Any CPU
		{D91DC6FA-4A69-41A3-A53E-8EB784AC0EEC}.DebugAnyCPU|ARM.Build.0 = Debug|Any CPU
		{D91DC6FA-4A69-41A3-A53E-8EB784AC0EEC}.DebugAnyCPU|ARM64.ActiveCfg = Debug|Any CPU
		{D91DC6FA-4A69-41A3-A53E-8EB784AC0EEC}.DebugAnyCPU|ARM64.Build.0 = Debug|Any CPU
		{D91DC6FA-4A69-41A3-A53E-8EB784AC0EEC}.DebugAnyCPU|x64.ActiveCfg = Debug|Any CPU
		{D91DC6FA-4A69-41A3-A53E-8EB784AC0EEC}.DebugAnyCPU|x64.Build.0 = Debug|Any CPU
		{D91DC6FA-4A69-41A3-A53E-8EB784AC0EEC}.DebugAnyCPU|x86.ActiveCfg = Debug|Any CPU
		{D91DC6FA-4A69-41A3-A53E-8EB784AC0EEC}.DebugAnyCPU|x86.Build.0 = Debug|Any CPU
		{D91DC6FA-4A69-41A3-A53E-8EB784AC0EEC}.Release|Any CPU.ActiveCfg = Release|Any CPU
		{D91DC6FA-4A69-41A3-A53E-8EB784AC0EEC}.Release|Any CPU.Build.0 = Release|Any CPU
		{D91DC6FA-4A69-41A3-A53E-8EB784AC0EEC}.Release|ARM.ActiveCfg = Release|Any CPU
		{D91DC6FA-4A69-41A3-A53E-8EB784AC0EEC}.Release|ARM.Build.0 = Release|Any CPU
		{D91DC6FA-4A69-41A3-A53E-8EB784AC0EEC}.Release|ARM64.ActiveCfg = Release|Any CPU
		{D91DC6FA-4A69-41A3-A53E-8EB784AC0EEC}.Release|ARM64.Build.0 = Release|Any CPU
		{D91DC6FA-4A69-41A3-A53E-8EB784AC0EEC}.Release|x64.ActiveCfg = Release|Any CPU
		{D91DC6FA-4A69-41A3-A53E-8EB784AC0EEC}.Release|x64.Build.0 = Release|Any CPU
		{D91DC6FA-4A69-41A3-A53E-8EB784AC0EEC}.Release|x86.ActiveCfg = Release|Any CPU
		{D91DC6FA-4A69-41A3-A53E-8EB784AC0EEC}.Release|x86.Build.0 = Release|Any CPU
		{D24DB201-D0FE-4EFF-9B69-333FF079550A}.Debug|Any CPU.ActiveCfg = Debug|Any CPU
		{D24DB201-D0FE-4EFF-9B69-333FF079550A}.Debug|Any CPU.Build.0 = Debug|Any CPU
		{D24DB201-D0FE-4EFF-9B69-333FF079550A}.Debug|ARM.ActiveCfg = Debug|Any CPU
		{D24DB201-D0FE-4EFF-9B69-333FF079550A}.Debug|ARM.Build.0 = Debug|Any CPU
		{D24DB201-D0FE-4EFF-9B69-333FF079550A}.Debug|ARM64.ActiveCfg = Debug|Any CPU
		{D24DB201-D0FE-4EFF-9B69-333FF079550A}.Debug|ARM64.Build.0 = Debug|Any CPU
		{D24DB201-D0FE-4EFF-9B69-333FF079550A}.Debug|x64.ActiveCfg = Debug|Any CPU
		{D24DB201-D0FE-4EFF-9B69-333FF079550A}.Debug|x64.Build.0 = Debug|Any CPU
		{D24DB201-D0FE-4EFF-9B69-333FF079550A}.Debug|x86.ActiveCfg = Debug|Any CPU
		{D24DB201-D0FE-4EFF-9B69-333FF079550A}.Debug|x86.Build.0 = Debug|Any CPU
		{D24DB201-D0FE-4EFF-9B69-333FF079550A}.DebugAnyCPU|Any CPU.ActiveCfg = Debug|Any CPU
		{D24DB201-D0FE-4EFF-9B69-333FF079550A}.DebugAnyCPU|Any CPU.Build.0 = Debug|Any CPU
		{D24DB201-D0FE-4EFF-9B69-333FF079550A}.DebugAnyCPU|ARM.ActiveCfg = Debug|Any CPU
		{D24DB201-D0FE-4EFF-9B69-333FF079550A}.DebugAnyCPU|ARM.Build.0 = Debug|Any CPU
		{D24DB201-D0FE-4EFF-9B69-333FF079550A}.DebugAnyCPU|ARM64.ActiveCfg = Debug|Any CPU
		{D24DB201-D0FE-4EFF-9B69-333FF079550A}.DebugAnyCPU|ARM64.Build.0 = Debug|Any CPU
		{D24DB201-D0FE-4EFF-9B69-333FF079550A}.DebugAnyCPU|x64.ActiveCfg = Debug|Any CPU
		{D24DB201-D0FE-4EFF-9B69-333FF079550A}.DebugAnyCPU|x64.Build.0 = Debug|Any CPU
		{D24DB201-D0FE-4EFF-9B69-333FF079550A}.DebugAnyCPU|x86.ActiveCfg = Debug|Any CPU
		{D24DB201-D0FE-4EFF-9B69-333FF079550A}.DebugAnyCPU|x86.Build.0 = Debug|Any CPU
		{D24DB201-D0FE-4EFF-9B69-333FF079550A}.Release|Any CPU.ActiveCfg = Release|Any CPU
		{D24DB201-D0FE-4EFF-9B69-333FF079550A}.Release|Any CPU.Build.0 = Release|Any CPU
		{D24DB201-D0FE-4EFF-9B69-333FF079550A}.Release|ARM.ActiveCfg = Release|Any CPU
		{D24DB201-D0FE-4EFF-9B69-333FF079550A}.Release|ARM.Build.0 = Release|Any CPU
		{D24DB201-D0FE-4EFF-9B69-333FF079550A}.Release|ARM64.ActiveCfg = Release|Any CPU
		{D24DB201-D0FE-4EFF-9B69-333FF079550A}.Release|ARM64.Build.0 = Release|Any CPU
		{D24DB201-D0FE-4EFF-9B69-333FF079550A}.Release|x64.ActiveCfg = Release|Any CPU
		{D24DB201-D0FE-4EFF-9B69-333FF079550A}.Release|x64.Build.0 = Release|Any CPU
		{D24DB201-D0FE-4EFF-9B69-333FF079550A}.Release|x86.ActiveCfg = Release|Any CPU
		{D24DB201-D0FE-4EFF-9B69-333FF079550A}.Release|x86.Build.0 = Release|Any CPU
		{E48D4B36-9BB9-4F17-8610-85EB34F3047F}.Debug|Any CPU.ActiveCfg = Debug|Any CPU
		{E48D4B36-9BB9-4F17-8610-85EB34F3047F}.Debug|Any CPU.Build.0 = Debug|Any CPU
		{E48D4B36-9BB9-4F17-8610-85EB34F3047F}.Debug|ARM.ActiveCfg = Debug|Any CPU
		{E48D4B36-9BB9-4F17-8610-85EB34F3047F}.Debug|ARM.Build.0 = Debug|Any CPU
		{E48D4B36-9BB9-4F17-8610-85EB34F3047F}.Debug|ARM64.ActiveCfg = Debug|Any CPU
		{E48D4B36-9BB9-4F17-8610-85EB34F3047F}.Debug|ARM64.Build.0 = Debug|Any CPU
		{E48D4B36-9BB9-4F17-8610-85EB34F3047F}.Debug|x64.ActiveCfg = Debug|Any CPU
		{E48D4B36-9BB9-4F17-8610-85EB34F3047F}.Debug|x64.Build.0 = Debug|Any CPU
		{E48D4B36-9BB9-4F17-8610-85EB34F3047F}.Debug|x86.ActiveCfg = Debug|Any CPU
		{E48D4B36-9BB9-4F17-8610-85EB34F3047F}.Debug|x86.Build.0 = Debug|Any CPU
		{E48D4B36-9BB9-4F17-8610-85EB34F3047F}.DebugAnyCPU|Any CPU.ActiveCfg = Debug|Any CPU
		{E48D4B36-9BB9-4F17-8610-85EB34F3047F}.DebugAnyCPU|Any CPU.Build.0 = Debug|Any CPU
		{E48D4B36-9BB9-4F17-8610-85EB34F3047F}.DebugAnyCPU|ARM.ActiveCfg = Debug|Any CPU
		{E48D4B36-9BB9-4F17-8610-85EB34F3047F}.DebugAnyCPU|ARM.Build.0 = Debug|Any CPU
		{E48D4B36-9BB9-4F17-8610-85EB34F3047F}.DebugAnyCPU|ARM64.ActiveCfg = Debug|Any CPU
		{E48D4B36-9BB9-4F17-8610-85EB34F3047F}.DebugAnyCPU|ARM64.Build.0 = Debug|Any CPU
		{E48D4B36-9BB9-4F17-8610-85EB34F3047F}.DebugAnyCPU|x64.ActiveCfg = Debug|Any CPU
		{E48D4B36-9BB9-4F17-8610-85EB34F3047F}.DebugAnyCPU|x64.Build.0 = Debug|Any CPU
		{E48D4B36-9BB9-4F17-8610-85EB34F3047F}.DebugAnyCPU|x86.ActiveCfg = Debug|Any CPU
		{E48D4B36-9BB9-4F17-8610-85EB34F3047F}.DebugAnyCPU|x86.Build.0 = Debug|Any CPU
		{E48D4B36-9BB9-4F17-8610-85EB34F3047F}.Release|Any CPU.ActiveCfg = Release|Any CPU
		{E48D4B36-9BB9-4F17-8610-85EB34F3047F}.Release|Any CPU.Build.0 = Release|Any CPU
		{E48D4B36-9BB9-4F17-8610-85EB34F3047F}.Release|ARM.ActiveCfg = Release|Any CPU
		{E48D4B36-9BB9-4F17-8610-85EB34F3047F}.Release|ARM.Build.0 = Release|Any CPU
		{E48D4B36-9BB9-4F17-8610-85EB34F3047F}.Release|ARM64.ActiveCfg = Release|Any CPU
		{E48D4B36-9BB9-4F17-8610-85EB34F3047F}.Release|ARM64.Build.0 = Release|Any CPU
		{E48D4B36-9BB9-4F17-8610-85EB34F3047F}.Release|x64.ActiveCfg = Release|Any CPU
		{E48D4B36-9BB9-4F17-8610-85EB34F3047F}.Release|x64.Build.0 = Release|Any CPU
		{E48D4B36-9BB9-4F17-8610-85EB34F3047F}.Release|x86.ActiveCfg = Release|Any CPU
		{E48D4B36-9BB9-4F17-8610-85EB34F3047F}.Release|x86.Build.0 = Release|Any CPU
		{8D62AC26-A729-4998-8E2D-621BB87000EA}.Debug|Any CPU.ActiveCfg = Debug|Any CPU
		{8D62AC26-A729-4998-8E2D-621BB87000EA}.Debug|Any CPU.Build.0 = Debug|Any CPU
		{8D62AC26-A729-4998-8E2D-621BB87000EA}.Debug|ARM.ActiveCfg = Debug|Any CPU
		{8D62AC26-A729-4998-8E2D-621BB87000EA}.Debug|ARM.Build.0 = Debug|Any CPU
		{8D62AC26-A729-4998-8E2D-621BB87000EA}.Debug|ARM64.ActiveCfg = Debug|Any CPU
		{8D62AC26-A729-4998-8E2D-621BB87000EA}.Debug|ARM64.Build.0 = Debug|Any CPU
		{8D62AC26-A729-4998-8E2D-621BB87000EA}.Debug|x64.ActiveCfg = Debug|Any CPU
		{8D62AC26-A729-4998-8E2D-621BB87000EA}.Debug|x64.Build.0 = Debug|Any CPU
		{8D62AC26-A729-4998-8E2D-621BB87000EA}.Debug|x86.ActiveCfg = Debug|Any CPU
		{8D62AC26-A729-4998-8E2D-621BB87000EA}.Debug|x86.Build.0 = Debug|Any CPU
		{8D62AC26-A729-4998-8E2D-621BB87000EA}.DebugAnyCPU|Any CPU.ActiveCfg = Debug|Any CPU
		{8D62AC26-A729-4998-8E2D-621BB87000EA}.DebugAnyCPU|Any CPU.Build.0 = Debug|Any CPU
		{8D62AC26-A729-4998-8E2D-621BB87000EA}.DebugAnyCPU|ARM.ActiveCfg = Debug|Any CPU
		{8D62AC26-A729-4998-8E2D-621BB87000EA}.DebugAnyCPU|ARM.Build.0 = Debug|Any CPU
		{8D62AC26-A729-4998-8E2D-621BB87000EA}.DebugAnyCPU|ARM64.ActiveCfg = Debug|Any CPU
		{8D62AC26-A729-4998-8E2D-621BB87000EA}.DebugAnyCPU|ARM64.Build.0 = Debug|Any CPU
		{8D62AC26-A729-4998-8E2D-621BB87000EA}.DebugAnyCPU|x64.ActiveCfg = Debug|Any CPU
		{8D62AC26-A729-4998-8E2D-621BB87000EA}.DebugAnyCPU|x64.Build.0 = Debug|Any CPU
		{8D62AC26-A729-4998-8E2D-621BB87000EA}.DebugAnyCPU|x86.ActiveCfg = Debug|Any CPU
		{8D62AC26-A729-4998-8E2D-621BB87000EA}.DebugAnyCPU|x86.Build.0 = Debug|Any CPU
		{8D62AC26-A729-4998-8E2D-621BB87000EA}.Release|Any CPU.ActiveCfg = Release|Any CPU
		{8D62AC26-A729-4998-8E2D-621BB87000EA}.Release|Any CPU.Build.0 = Release|Any CPU
		{8D62AC26-A729-4998-8E2D-621BB87000EA}.Release|ARM.ActiveCfg = Release|Any CPU
		{8D62AC26-A729-4998-8E2D-621BB87000EA}.Release|ARM.Build.0 = Release|Any CPU
		{8D62AC26-A729-4998-8E2D-621BB87000EA}.Release|ARM64.ActiveCfg = Release|Any CPU
		{8D62AC26-A729-4998-8E2D-621BB87000EA}.Release|ARM64.Build.0 = Release|Any CPU
		{8D62AC26-A729-4998-8E2D-621BB87000EA}.Release|x64.ActiveCfg = Release|Any CPU
		{8D62AC26-A729-4998-8E2D-621BB87000EA}.Release|x64.Build.0 = Release|Any CPU
		{8D62AC26-A729-4998-8E2D-621BB87000EA}.Release|x86.ActiveCfg = Release|Any CPU
		{8D62AC26-A729-4998-8E2D-621BB87000EA}.Release|x86.Build.0 = Release|Any CPU
		{696049AC-349C-4F4E-9B68-D8C07294B79B}.Debug|Any CPU.ActiveCfg = Debug|Any CPU
		{696049AC-349C-4F4E-9B68-D8C07294B79B}.Debug|Any CPU.Build.0 = Debug|Any CPU
		{696049AC-349C-4F4E-9B68-D8C07294B79B}.Debug|ARM.ActiveCfg = Debug|Any CPU
		{696049AC-349C-4F4E-9B68-D8C07294B79B}.Debug|ARM.Build.0 = Debug|Any CPU
		{696049AC-349C-4F4E-9B68-D8C07294B79B}.Debug|ARM64.ActiveCfg = Debug|Any CPU
		{696049AC-349C-4F4E-9B68-D8C07294B79B}.Debug|ARM64.Build.0 = Debug|Any CPU
		{696049AC-349C-4F4E-9B68-D8C07294B79B}.Debug|x64.ActiveCfg = Debug|Any CPU
		{696049AC-349C-4F4E-9B68-D8C07294B79B}.Debug|x64.Build.0 = Debug|Any CPU
		{696049AC-349C-4F4E-9B68-D8C07294B79B}.Debug|x86.ActiveCfg = Debug|Any CPU
		{696049AC-349C-4F4E-9B68-D8C07294B79B}.Debug|x86.Build.0 = Debug|Any CPU
		{696049AC-349C-4F4E-9B68-D8C07294B79B}.DebugAnyCPU|Any CPU.ActiveCfg = Debug|Any CPU
		{696049AC-349C-4F4E-9B68-D8C07294B79B}.DebugAnyCPU|Any CPU.Build.0 = Debug|Any CPU
		{696049AC-349C-4F4E-9B68-D8C07294B79B}.DebugAnyCPU|ARM.ActiveCfg = Debug|Any CPU
		{696049AC-349C-4F4E-9B68-D8C07294B79B}.DebugAnyCPU|ARM.Build.0 = Debug|Any CPU
		{696049AC-349C-4F4E-9B68-D8C07294B79B}.DebugAnyCPU|ARM64.ActiveCfg = Debug|Any CPU
		{696049AC-349C-4F4E-9B68-D8C07294B79B}.DebugAnyCPU|ARM64.Build.0 = Debug|Any CPU
		{696049AC-349C-4F4E-9B68-D8C07294B79B}.DebugAnyCPU|x64.ActiveCfg = Debug|Any CPU
		{696049AC-349C-4F4E-9B68-D8C07294B79B}.DebugAnyCPU|x64.Build.0 = Debug|Any CPU
		{696049AC-349C-4F4E-9B68-D8C07294B79B}.DebugAnyCPU|x86.ActiveCfg = Debug|Any CPU
		{696049AC-349C-4F4E-9B68-D8C07294B79B}.DebugAnyCPU|x86.Build.0 = Debug|Any CPU
		{696049AC-349C-4F4E-9B68-D8C07294B79B}.Release|Any CPU.ActiveCfg = Release|Any CPU
		{696049AC-349C-4F4E-9B68-D8C07294B79B}.Release|Any CPU.Build.0 = Release|Any CPU
		{696049AC-349C-4F4E-9B68-D8C07294B79B}.Release|ARM.ActiveCfg = Release|Any CPU
		{696049AC-349C-4F4E-9B68-D8C07294B79B}.Release|ARM.Build.0 = Release|Any CPU
		{696049AC-349C-4F4E-9B68-D8C07294B79B}.Release|ARM64.ActiveCfg = Release|Any CPU
		{696049AC-349C-4F4E-9B68-D8C07294B79B}.Release|ARM64.Build.0 = Release|Any CPU
		{696049AC-349C-4F4E-9B68-D8C07294B79B}.Release|x64.ActiveCfg = Release|Any CPU
		{696049AC-349C-4F4E-9B68-D8C07294B79B}.Release|x64.Build.0 = Release|Any CPU
		{696049AC-349C-4F4E-9B68-D8C07294B79B}.Release|x86.ActiveCfg = Release|Any CPU
		{696049AC-349C-4F4E-9B68-D8C07294B79B}.Release|x86.Build.0 = Release|Any CPU
		{17F31B87-E693-48FB-B994-12B68FE0B7E5}.Debug|Any CPU.ActiveCfg = Debug|Any CPU
		{17F31B87-E693-48FB-B994-12B68FE0B7E5}.Debug|Any CPU.Build.0 = Debug|Any CPU
		{17F31B87-E693-48FB-B994-12B68FE0B7E5}.Debug|ARM.ActiveCfg = Debug|Any CPU
		{17F31B87-E693-48FB-B994-12B68FE0B7E5}.Debug|ARM.Build.0 = Debug|Any CPU
		{17F31B87-E693-48FB-B994-12B68FE0B7E5}.Debug|ARM64.ActiveCfg = Debug|Any CPU
		{17F31B87-E693-48FB-B994-12B68FE0B7E5}.Debug|ARM64.Build.0 = Debug|Any CPU
		{17F31B87-E693-48FB-B994-12B68FE0B7E5}.Debug|x64.ActiveCfg = Debug|Any CPU
		{17F31B87-E693-48FB-B994-12B68FE0B7E5}.Debug|x64.Build.0 = Debug|Any CPU
		{17F31B87-E693-48FB-B994-12B68FE0B7E5}.Debug|x86.ActiveCfg = Debug|Any CPU
		{17F31B87-E693-48FB-B994-12B68FE0B7E5}.Debug|x86.Build.0 = Debug|Any CPU
		{17F31B87-E693-48FB-B994-12B68FE0B7E5}.DebugAnyCPU|Any CPU.ActiveCfg = Debug|Any CPU
		{17F31B87-E693-48FB-B994-12B68FE0B7E5}.DebugAnyCPU|ARM.ActiveCfg = Debug|Any CPU
		{17F31B87-E693-48FB-B994-12B68FE0B7E5}.DebugAnyCPU|ARM64.ActiveCfg = Debug|Any CPU
		{17F31B87-E693-48FB-B994-12B68FE0B7E5}.DebugAnyCPU|x64.ActiveCfg = Debug|Any CPU
		{17F31B87-E693-48FB-B994-12B68FE0B7E5}.DebugAnyCPU|x86.ActiveCfg = Debug|Any CPU
		{17F31B87-E693-48FB-B994-12B68FE0B7E5}.Release|Any CPU.ActiveCfg = Release|Any CPU
		{17F31B87-E693-48FB-B994-12B68FE0B7E5}.Release|Any CPU.Build.0 = Release|Any CPU
		{17F31B87-E693-48FB-B994-12B68FE0B7E5}.Release|ARM.ActiveCfg = Release|Any CPU
		{17F31B87-E693-48FB-B994-12B68FE0B7E5}.Release|ARM.Build.0 = Release|Any CPU
		{17F31B87-E693-48FB-B994-12B68FE0B7E5}.Release|ARM64.ActiveCfg = Release|Any CPU
		{17F31B87-E693-48FB-B994-12B68FE0B7E5}.Release|ARM64.Build.0 = Release|Any CPU
		{17F31B87-E693-48FB-B994-12B68FE0B7E5}.Release|x64.ActiveCfg = Release|Any CPU
		{17F31B87-E693-48FB-B994-12B68FE0B7E5}.Release|x64.Build.0 = Release|Any CPU
		{17F31B87-E693-48FB-B994-12B68FE0B7E5}.Release|x86.ActiveCfg = Release|Any CPU
		{17F31B87-E693-48FB-B994-12B68FE0B7E5}.Release|x86.Build.0 = Release|Any CPU
		{EAC8A4DF-84CC-4E01-9C73-33679E0546E8}.Debug|Any CPU.ActiveCfg = Debug|Any CPU
		{EAC8A4DF-84CC-4E01-9C73-33679E0546E8}.Debug|Any CPU.Build.0 = Debug|Any CPU
		{EAC8A4DF-84CC-4E01-9C73-33679E0546E8}.Debug|ARM.ActiveCfg = Debug|Any CPU
		{EAC8A4DF-84CC-4E01-9C73-33679E0546E8}.Debug|ARM.Build.0 = Debug|Any CPU
		{EAC8A4DF-84CC-4E01-9C73-33679E0546E8}.Debug|ARM64.ActiveCfg = Debug|Any CPU
		{EAC8A4DF-84CC-4E01-9C73-33679E0546E8}.Debug|ARM64.Build.0 = Debug|Any CPU
		{EAC8A4DF-84CC-4E01-9C73-33679E0546E8}.Debug|x64.ActiveCfg = Debug|Any CPU
		{EAC8A4DF-84CC-4E01-9C73-33679E0546E8}.Debug|x64.Build.0 = Debug|Any CPU
		{EAC8A4DF-84CC-4E01-9C73-33679E0546E8}.Debug|x86.ActiveCfg = Debug|Any CPU
		{EAC8A4DF-84CC-4E01-9C73-33679E0546E8}.Debug|x86.Build.0 = Debug|Any CPU
		{EAC8A4DF-84CC-4E01-9C73-33679E0546E8}.DebugAnyCPU|Any CPU.ActiveCfg = Debug|Any CPU
		{EAC8A4DF-84CC-4E01-9C73-33679E0546E8}.DebugAnyCPU|Any CPU.Build.0 = Debug|Any CPU
		{EAC8A4DF-84CC-4E01-9C73-33679E0546E8}.DebugAnyCPU|ARM.ActiveCfg = Debug|Any CPU
		{EAC8A4DF-84CC-4E01-9C73-33679E0546E8}.DebugAnyCPU|ARM.Build.0 = Debug|Any CPU
		{EAC8A4DF-84CC-4E01-9C73-33679E0546E8}.DebugAnyCPU|ARM64.ActiveCfg = Debug|Any CPU
		{EAC8A4DF-84CC-4E01-9C73-33679E0546E8}.DebugAnyCPU|ARM64.Build.0 = Debug|Any CPU
		{EAC8A4DF-84CC-4E01-9C73-33679E0546E8}.DebugAnyCPU|x64.ActiveCfg = Debug|Any CPU
		{EAC8A4DF-84CC-4E01-9C73-33679E0546E8}.DebugAnyCPU|x64.Build.0 = Debug|Any CPU
		{EAC8A4DF-84CC-4E01-9C73-33679E0546E8}.DebugAnyCPU|x86.ActiveCfg = Debug|Any CPU
		{EAC8A4DF-84CC-4E01-9C73-33679E0546E8}.DebugAnyCPU|x86.Build.0 = Debug|Any CPU
		{EAC8A4DF-84CC-4E01-9C73-33679E0546E8}.Release|Any CPU.ActiveCfg = Release|Any CPU
		{EAC8A4DF-84CC-4E01-9C73-33679E0546E8}.Release|Any CPU.Build.0 = Release|Any CPU
		{EAC8A4DF-84CC-4E01-9C73-33679E0546E8}.Release|ARM.ActiveCfg = Release|Any CPU
		{EAC8A4DF-84CC-4E01-9C73-33679E0546E8}.Release|ARM.Build.0 = Release|Any CPU
		{EAC8A4DF-84CC-4E01-9C73-33679E0546E8}.Release|ARM64.ActiveCfg = Release|Any CPU
		{EAC8A4DF-84CC-4E01-9C73-33679E0546E8}.Release|ARM64.Build.0 = Release|Any CPU
		{EAC8A4DF-84CC-4E01-9C73-33679E0546E8}.Release|x64.ActiveCfg = Release|Any CPU
		{EAC8A4DF-84CC-4E01-9C73-33679E0546E8}.Release|x64.Build.0 = Release|Any CPU
		{EAC8A4DF-84CC-4E01-9C73-33679E0546E8}.Release|x86.ActiveCfg = Release|Any CPU
		{EAC8A4DF-84CC-4E01-9C73-33679E0546E8}.Release|x86.Build.0 = Release|Any CPU
		{E243AE8D-35E3-4397-B180-EF1E8A91AE8C}.Debug|Any CPU.ActiveCfg = Debug|Any CPU
		{E243AE8D-35E3-4397-B180-EF1E8A91AE8C}.Debug|Any CPU.Build.0 = Debug|Any CPU
		{E243AE8D-35E3-4397-B180-EF1E8A91AE8C}.Debug|ARM.ActiveCfg = Debug|Any CPU
		{E243AE8D-35E3-4397-B180-EF1E8A91AE8C}.Debug|ARM.Build.0 = Debug|Any CPU
		{E243AE8D-35E3-4397-B180-EF1E8A91AE8C}.Debug|ARM64.ActiveCfg = Debug|Any CPU
		{E243AE8D-35E3-4397-B180-EF1E8A91AE8C}.Debug|ARM64.Build.0 = Debug|Any CPU
		{E243AE8D-35E3-4397-B180-EF1E8A91AE8C}.Debug|x64.ActiveCfg = Debug|Any CPU
		{E243AE8D-35E3-4397-B180-EF1E8A91AE8C}.Debug|x64.Build.0 = Debug|Any CPU
		{E243AE8D-35E3-4397-B180-EF1E8A91AE8C}.Debug|x86.ActiveCfg = Debug|x86
		{E243AE8D-35E3-4397-B180-EF1E8A91AE8C}.Debug|x86.Build.0 = Debug|x86
		{E243AE8D-35E3-4397-B180-EF1E8A91AE8C}.DebugAnyCPU|Any CPU.ActiveCfg = DebugAnyCPU|Any CPU
		{E243AE8D-35E3-4397-B180-EF1E8A91AE8C}.DebugAnyCPU|Any CPU.Build.0 = DebugAnyCPU|Any CPU
		{E243AE8D-35E3-4397-B180-EF1E8A91AE8C}.DebugAnyCPU|ARM.ActiveCfg = DebugAnyCPU|Any CPU
		{E243AE8D-35E3-4397-B180-EF1E8A91AE8C}.DebugAnyCPU|ARM.Build.0 = DebugAnyCPU|Any CPU
		{E243AE8D-35E3-4397-B180-EF1E8A91AE8C}.DebugAnyCPU|ARM64.ActiveCfg = DebugAnyCPU|Any CPU
		{E243AE8D-35E3-4397-B180-EF1E8A91AE8C}.DebugAnyCPU|ARM64.Build.0 = DebugAnyCPU|Any CPU
		{E243AE8D-35E3-4397-B180-EF1E8A91AE8C}.DebugAnyCPU|x64.ActiveCfg = DebugAnyCPU|Any CPU
		{E243AE8D-35E3-4397-B180-EF1E8A91AE8C}.DebugAnyCPU|x64.Build.0 = DebugAnyCPU|Any CPU
		{E243AE8D-35E3-4397-B180-EF1E8A91AE8C}.DebugAnyCPU|x86.ActiveCfg = DebugAnyCPU|x86
		{E243AE8D-35E3-4397-B180-EF1E8A91AE8C}.DebugAnyCPU|x86.Build.0 = DebugAnyCPU|x86
		{E243AE8D-35E3-4397-B180-EF1E8A91AE8C}.Release|Any CPU.ActiveCfg = Release|Any CPU
		{E243AE8D-35E3-4397-B180-EF1E8A91AE8C}.Release|Any CPU.Build.0 = Release|Any CPU
		{E243AE8D-35E3-4397-B180-EF1E8A91AE8C}.Release|ARM.ActiveCfg = Release|Any CPU
		{E243AE8D-35E3-4397-B180-EF1E8A91AE8C}.Release|ARM.Build.0 = Release|Any CPU
		{E243AE8D-35E3-4397-B180-EF1E8A91AE8C}.Release|ARM64.ActiveCfg = Release|Any CPU
		{E243AE8D-35E3-4397-B180-EF1E8A91AE8C}.Release|ARM64.Build.0 = Release|Any CPU
		{E243AE8D-35E3-4397-B180-EF1E8A91AE8C}.Release|x64.ActiveCfg = Release|Any CPU
		{E243AE8D-35E3-4397-B180-EF1E8A91AE8C}.Release|x64.Build.0 = Release|Any CPU
		{E243AE8D-35E3-4397-B180-EF1E8A91AE8C}.Release|x86.ActiveCfg = Release|x86
		{E243AE8D-35E3-4397-B180-EF1E8A91AE8C}.Release|x86.Build.0 = Release|x86
		{A3E10705-F2BB-4182-A19C-7F63222584DF}.Debug|Any CPU.ActiveCfg = Debug|Any CPU
		{A3E10705-F2BB-4182-A19C-7F63222584DF}.Debug|Any CPU.Build.0 = Debug|Any CPU
		{A3E10705-F2BB-4182-A19C-7F63222584DF}.Debug|ARM.ActiveCfg = Debug|Any CPU
		{A3E10705-F2BB-4182-A19C-7F63222584DF}.Debug|ARM.Build.0 = Debug|Any CPU
		{A3E10705-F2BB-4182-A19C-7F63222584DF}.Debug|ARM64.ActiveCfg = Debug|Any CPU
		{A3E10705-F2BB-4182-A19C-7F63222584DF}.Debug|ARM64.Build.0 = Debug|Any CPU
		{A3E10705-F2BB-4182-A19C-7F63222584DF}.Debug|x64.ActiveCfg = Debug|Any CPU
		{A3E10705-F2BB-4182-A19C-7F63222584DF}.Debug|x64.Build.0 = Debug|Any CPU
		{A3E10705-F2BB-4182-A19C-7F63222584DF}.Debug|x86.ActiveCfg = Debug|x86
		{A3E10705-F2BB-4182-A19C-7F63222584DF}.Debug|x86.Build.0 = Debug|x86
		{A3E10705-F2BB-4182-A19C-7F63222584DF}.DebugAnyCPU|Any CPU.ActiveCfg = Debug|Any CPU
		{A3E10705-F2BB-4182-A19C-7F63222584DF}.DebugAnyCPU|Any CPU.Build.0 = Debug|Any CPU
		{A3E10705-F2BB-4182-A19C-7F63222584DF}.DebugAnyCPU|ARM.ActiveCfg = Debug|Any CPU
		{A3E10705-F2BB-4182-A19C-7F63222584DF}.DebugAnyCPU|ARM.Build.0 = Debug|Any CPU
		{A3E10705-F2BB-4182-A19C-7F63222584DF}.DebugAnyCPU|ARM64.ActiveCfg = Debug|Any CPU
		{A3E10705-F2BB-4182-A19C-7F63222584DF}.DebugAnyCPU|ARM64.Build.0 = Debug|Any CPU
		{A3E10705-F2BB-4182-A19C-7F63222584DF}.DebugAnyCPU|x64.ActiveCfg = Debug|Any CPU
		{A3E10705-F2BB-4182-A19C-7F63222584DF}.DebugAnyCPU|x64.Build.0 = Debug|Any CPU
		{A3E10705-F2BB-4182-A19C-7F63222584DF}.DebugAnyCPU|x86.ActiveCfg = Debug|x86
		{A3E10705-F2BB-4182-A19C-7F63222584DF}.DebugAnyCPU|x86.Build.0 = Debug|x86
		{A3E10705-F2BB-4182-A19C-7F63222584DF}.Release|Any CPU.ActiveCfg = Release|Any CPU
		{A3E10705-F2BB-4182-A19C-7F63222584DF}.Release|Any CPU.Build.0 = Release|Any CPU
		{A3E10705-F2BB-4182-A19C-7F63222584DF}.Release|ARM.ActiveCfg = Release|Any CPU
		{A3E10705-F2BB-4182-A19C-7F63222584DF}.Release|ARM.Build.0 = Release|Any CPU
		{A3E10705-F2BB-4182-A19C-7F63222584DF}.Release|ARM64.ActiveCfg = Release|Any CPU
		{A3E10705-F2BB-4182-A19C-7F63222584DF}.Release|ARM64.Build.0 = Release|Any CPU
		{A3E10705-F2BB-4182-A19C-7F63222584DF}.Release|x64.ActiveCfg = Release|Any CPU
		{A3E10705-F2BB-4182-A19C-7F63222584DF}.Release|x64.Build.0 = Release|Any CPU
		{A3E10705-F2BB-4182-A19C-7F63222584DF}.Release|x86.ActiveCfg = Release|x86
		{A3E10705-F2BB-4182-A19C-7F63222584DF}.Release|x86.Build.0 = Release|x86
	EndGlobalSection
	GlobalSection(SolutionProperties) = preSolution
		HideSolutionNode = FALSE
	EndGlobalSection
	GlobalSection(NestedProjects) = preSolution
		{CD1807B9-9CE4-41E4-8ED6-5404D0720CD8} = {80D59FF9-56D3-4DDD-A99D-168601B4C978}
		{D91DC6FA-4A69-41A3-A53E-8EB784AC0EEC} = {80D59FF9-56D3-4DDD-A99D-168601B4C978}
		{D24DB201-D0FE-4EFF-9B69-333FF079550A} = {54777EE7-AC61-4F95-B948-7D1D1FBA6075}
		{E48D4B36-9BB9-4F17-8610-85EB34F3047F} = {54777EE7-AC61-4F95-B948-7D1D1FBA6075}
		{8D62AC26-A729-4998-8E2D-621BB87000EA} = {8054D888-D03D-4BB1-BD36-19954B7DBE58}
		{696049AC-349C-4F4E-9B68-D8C07294B79B} = {DEE63B20-44EE-4EF5-B566-8F36A95ACF76}
		{17F31B87-E693-48FB-B994-12B68FE0B7E5} = {DEE63B20-44EE-4EF5-B566-8F36A95ACF76}
		{EAC8A4DF-84CC-4E01-9C73-33679E0546E8} = {DEE63B20-44EE-4EF5-B566-8F36A95ACF76}
		{E243AE8D-35E3-4397-B180-EF1E8A91AE8C} = {7E69597E-9856-49A2-AF7F-BDE6EF678A47}
		{A3E10705-F2BB-4182-A19C-7F63222584DF} = {7E69597E-9856-49A2-AF7F-BDE6EF678A47}
	EndGlobalSection
	GlobalSection(ExtensibilityGlobals) = postSolution
		SolutionGuid = {03EBB7F1-7C60-4C71-809F-A61748E7CD14}
	EndGlobalSection
EndGlobal
