
Microsoft Visual Studio Solution File, Format Version 12.00
# Visual Studio Version 16
VisualStudioVersion = 16.0.31005.135
MinimumVisualStudioVersion = 10.0.40219.1
Project("{2150E333-8FDC-42A3-9474-1A3956D46DE8}") = "Core", "Core", "{AE2BF1BB-6305-413D-B0A9-2E84601365F7}"
EndProject
Project("{2150E333-8FDC-42A3-9474-1A3956D46DE8}") = "APSIM", "APSIM", "{29963A25-A52E-4CAA-8B00-27305ADCA4FA}"
EndProject
Project("{2150E333-8FDC-42A3-9474-1A3956D46DE8}") = "Presentation", "Presentation", "{20571652-179E-431D-90B6-04C89D44A816}"
EndProject
Project("{9A19103F-16F7-4668-BE54-9A1E7A4F7556}") = "Application", "Core\Application\Application.csproj", "{8E2E9DBE-987B-4E0E-A44F-A514D557F575}"
EndProject
Project("{9A19103F-16F7-4668-BE54-9A1E7A4F7556}") = "Domain", "Core\Domain\Domain.csproj", "{543D9216-7FF1-4DE9-9B44-37AFBA78C2C3}"
EndProject
Project("{9A19103F-16F7-4668-BE54-9A1E7A4F7556}") = "WindowsClient", "Presentation\WindowsClient\WindowsClient.csproj", "{2BC8B376-2519-4F71-A8DE-980A77B1D338}"
EndProject
Project("{9A19103F-16F7-4668-BE54-9A1E7A4F7556}") = "APSIM.Shared", "..\ApsimX\APSIM.Shared\APSIM.Shared.csproj", "{0AD69DDB-FF04-4E3B-B9E0-A705DC04860B}"
EndProject
Project("{9A19103F-16F7-4668-BE54-9A1E7A4F7556}") = "Models", "..\ApsimX\Models\Models.csproj", "{42425265-63BD-4AC3-B989-D339C6AFE42F}"
EndProject
Project("{9A19103F-16F7-4668-BE54-9A1E7A4F7556}") = "Infrastructure", "Core\Infrastructure\Infrastructure.csproj", "{D661864C-E10C-4692-9A6D-ABB2198D591E}"
EndProject
Project("{2150E333-8FDC-42A3-9474-1A3956D46DE8}") = "Tests", "Tests", "{74BC9954-A024-4365-9C42-C75C4DB71A7A}"
EndProject
Project("{9A19103F-16F7-4668-BE54-9A1E7A4F7556}") = "UnitTests", "Tests\UnitTests\UnitTests.csproj", "{F39DD88E-189C-48F0-AF84-F3439C7364E5}"
EndProject
Project("{9A19103F-16F7-4668-BE54-9A1E7A4F7556}") = "IntegrationTests", "Tests\IntegrationTests\IntegrationTests.csproj", "{058D8D84-92E9-4A30-BC68-AC67F0DC5443}"
EndProject
Global
	GlobalSection(SolutionConfigurationPlatforms) = preSolution
		Debug|Any CPU = Debug|Any CPU
		Release|Any CPU = Release|Any CPU
	EndGlobalSection
	GlobalSection(ProjectConfigurationPlatforms) = postSolution
		{8E2E9DBE-987B-4E0E-A44F-A514D557F575}.Debug|Any CPU.ActiveCfg = Debug|Any CPU
		{8E2E9DBE-987B-4E0E-A44F-A514D557F575}.Debug|Any CPU.Build.0 = Debug|Any CPU
		{8E2E9DBE-987B-4E0E-A44F-A514D557F575}.Release|Any CPU.ActiveCfg = Release|Any CPU
		{8E2E9DBE-987B-4E0E-A44F-A514D557F575}.Release|Any CPU.Build.0 = Release|Any CPU
		{543D9216-7FF1-4DE9-9B44-37AFBA78C2C3}.Debug|Any CPU.ActiveCfg = Debug|Any CPU
		{543D9216-7FF1-4DE9-9B44-37AFBA78C2C3}.Debug|Any CPU.Build.0 = Debug|Any CPU
		{543D9216-7FF1-4DE9-9B44-37AFBA78C2C3}.Release|Any CPU.ActiveCfg = Release|Any CPU
		{543D9216-7FF1-4DE9-9B44-37AFBA78C2C3}.Release|Any CPU.Build.0 = Release|Any CPU
		{2BC8B376-2519-4F71-A8DE-980A77B1D338}.Debug|Any CPU.ActiveCfg = Debug|Any CPU
		{2BC8B376-2519-4F71-A8DE-980A77B1D338}.Debug|Any CPU.Build.0 = Debug|Any CPU
		{2BC8B376-2519-4F71-A8DE-980A77B1D338}.Release|Any CPU.ActiveCfg = Release|Any CPU
		{2BC8B376-2519-4F71-A8DE-980A77B1D338}.Release|Any CPU.Build.0 = Release|Any CPU
		{0AD69DDB-FF04-4E3B-B9E0-A705DC04860B}.Debug|Any CPU.ActiveCfg = Debug|Any CPU
		{0AD69DDB-FF04-4E3B-B9E0-A705DC04860B}.Debug|Any CPU.Build.0 = Debug|Any CPU
		{0AD69DDB-FF04-4E3B-B9E0-A705DC04860B}.Release|Any CPU.ActiveCfg = Release|Any CPU
		{0AD69DDB-FF04-4E3B-B9E0-A705DC04860B}.Release|Any CPU.Build.0 = Release|Any CPU
		{42425265-63BD-4AC3-B989-D339C6AFE42F}.Debug|Any CPU.ActiveCfg = Debug|Any CPU
		{42425265-63BD-4AC3-B989-D339C6AFE42F}.Debug|Any CPU.Build.0 = Debug|Any CPU
		{42425265-63BD-4AC3-B989-D339C6AFE42F}.Release|Any CPU.ActiveCfg = Release|Any CPU
		{42425265-63BD-4AC3-B989-D339C6AFE42F}.Release|Any CPU.Build.0 = Release|Any CPU
		{D661864C-E10C-4692-9A6D-ABB2198D591E}.Debug|Any CPU.ActiveCfg = Debug|Any CPU
		{D661864C-E10C-4692-9A6D-ABB2198D591E}.Debug|Any CPU.Build.0 = Debug|Any CPU
		{D661864C-E10C-4692-9A6D-ABB2198D591E}.Release|Any CPU.ActiveCfg = Release|Any CPU
		{D661864C-E10C-4692-9A6D-ABB2198D591E}.Release|Any CPU.Build.0 = Release|Any CPU
		{F39DD88E-189C-48F0-AF84-F3439C7364E5}.Debug|Any CPU.ActiveCfg = Debug|Any CPU
		{F39DD88E-189C-48F0-AF84-F3439C7364E5}.Debug|Any CPU.Build.0 = Debug|Any CPU
		{F39DD88E-189C-48F0-AF84-F3439C7364E5}.Release|Any CPU.ActiveCfg = Release|Any CPU
		{F39DD88E-189C-48F0-AF84-F3439C7364E5}.Release|Any CPU.Build.0 = Release|Any CPU
		{058D8D84-92E9-4A30-BC68-AC67F0DC5443}.Debug|Any CPU.ActiveCfg = Debug|Any CPU
		{058D8D84-92E9-4A30-BC68-AC67F0DC5443}.Debug|Any CPU.Build.0 = Debug|Any CPU
		{058D8D84-92E9-4A30-BC68-AC67F0DC5443}.Release|Any CPU.ActiveCfg = Release|Any CPU
		{058D8D84-92E9-4A30-BC68-AC67F0DC5443}.Release|Any CPU.Build.0 = Release|Any CPU
	EndGlobalSection
	GlobalSection(SolutionProperties) = preSolution
		HideSolutionNode = FALSE
	EndGlobalSection
	GlobalSection(NestedProjects) = preSolution
		{8E2E9DBE-987B-4E0E-A44F-A514D557F575} = {AE2BF1BB-6305-413D-B0A9-2E84601365F7}
		{543D9216-7FF1-4DE9-9B44-37AFBA78C2C3} = {AE2BF1BB-6305-413D-B0A9-2E84601365F7}
		{2BC8B376-2519-4F71-A8DE-980A77B1D338} = {20571652-179E-431D-90B6-04C89D44A816}
		{0AD69DDB-FF04-4E3B-B9E0-A705DC04860B} = {29963A25-A52E-4CAA-8B00-27305ADCA4FA}
		{42425265-63BD-4AC3-B989-D339C6AFE42F} = {29963A25-A52E-4CAA-8B00-27305ADCA4FA}
		{D661864C-E10C-4692-9A6D-ABB2198D591E} = {AE2BF1BB-6305-413D-B0A9-2E84601365F7}
		{F39DD88E-189C-48F0-AF84-F3439C7364E5} = {74BC9954-A024-4365-9C42-C75C4DB71A7A}
		{058D8D84-92E9-4A30-BC68-AC67F0DC5443} = {74BC9954-A024-4365-9C42-C75C4DB71A7A}
	EndGlobalSection
	GlobalSection(ExtensibilityGlobals) = postSolution
		SolutionGuid = {BB0C2496-24BB-4FC6-A9D1-955A3D65EA0A}
	EndGlobalSection
EndGlobal
